<?xml version="1.0" encoding="utf-8"?>
<Project ToolsVersion="4.0" xmlns="http://schemas.microsoft.com/developer/msbuild/2003">
  <ItemGroup>
    <Filter Include="Source Files">
      <UniqueIdentifier>{4FC737F1-C7A5-4376-A066-2A32D752A2FF}</UniqueIdentifier>
      <Extensions>cpp;c;cc;cxx;def;odl;idl;hpj;bat;asm;asmx</Extensions>
    </Filter>
    <Filter Include="Header Files">
      <UniqueIdentifier>{93995380-89BD-4b04-88EB-625FBE52EBFB}</UniqueIdentifier>
      <Extensions>h;hh;hpp;hxx;hm;inl;inc;ipp;xsd</Extensions>
    </Filter>
    <Filter Include="Include Files">
      <UniqueIdentifier>{20c6bdf0-4b2d-4ad4-abc7-faed1b479ca5}</UniqueIdentifier>
    </Filter>
    <Filter Include="Include Files\Xml">
      <UniqueIdentifier>{4619e0e9-8444-4c06-9f1c-0be28b988d45}</UniqueIdentifier>
    </Filter>
    <Filter Include="Include Files\Win">
      <UniqueIdentifier>{5c6b3d04-4677-4e43-b624-2ac01ba801fe}</UniqueIdentifier>
    </Filter>
    <Filter Include="Include Files\Eval">
      <UniqueIdentifier>{aa7e1b82-92ad-4b54-a064-8fb353ccd19f}</UniqueIdentifier>
    </Filter>
    <Filter Include="Include Files\Util">
      <UniqueIdentifier>{985e6ed5-48b7-468b-87aa-aa09c433d312}</UniqueIdentifier>
    </Filter>
    <Filter Include="Include Files\Formatter">
      <UniqueIdentifier>{9ab6929a-e791-49f6-9aea-00adbdebfcf9}</UniqueIdentifier>
    </Filter>
  </ItemGroup>
  <ItemGroup>
    <ClInclude Include="targetver.h">
      <Filter>Header Files</Filter>
    </ClInclude>
    <ClInclude Include="filelogger.h">
      <Filter>Header Files</Filter>
    </ClInclude>
    <ClInclude Include="..\include\GLib\flogging.h">
      <Filter>Include Files</Filter>
    </ClInclude>
    <ClInclude Include="..\include\GLib\cvt.h">
      <Filter>Include Files</Filter>
    </ClInclude>
    <ClInclude Include="..\include\GLib\win\Process.h">
      <Filter>Include Files\Win</Filter>
    </ClInclude>
    <ClInclude Include="..\include\GLib\win\WinException.h">
      <Filter>Include Files\Win</Filter>
    </ClInclude>
    <ClInclude Include="..\include\GLib\win\FormatErrorMessage.h">
      <Filter>Include Files\Win</Filter>
    </ClInclude>
    <ClInclude Include="..\include\GLib\Win\ErrorCheck.h">
      <Filter>Include Files\Win</Filter>
    </ClInclude>
    <ClInclude Include="streaminfo.h">
      <Filter>Header Files</Filter>
    </ClInclude>
    <ClInclude Include="..\include\GLib\compat.h">
      <Filter>Include Files</Filter>
    </ClInclude>
    <ClInclude Include="scope.h">
      <Filter>Header Files</Filter>
    </ClInclude>
    <ClInclude Include="fwd.h">
      <Filter>Header Files</Filter>
    </ClInclude>
    <ClInclude Include="logstate.h">
      <Filter>Header Files</Filter>
    </ClInclude>
    <ClInclude Include="pch.h">
      <Filter>Header Files</Filter>
    </ClInclude>
    <ClInclude Include="..\include\GLib\scope.h">
      <Filter>Include Files</Filter>
    </ClInclude>
    <ClInclude Include="..\include\GLib\Win\FileSystem.h">
      <Filter>Include Files\Win</Filter>
    </ClInclude>
    <ClInclude Include="..\include\GLib\Win\Handle.h">
      <Filter>Include Files\Win</Filter>
    </ClInclude>
    <ClInclude Include="..\include\GLib\Win\DebugStream.h">
      <Filter>Include Files\Win</Filter>
    </ClInclude>
    <ClInclude Include="..\include\GLib\Win\Symbols.h">
      <Filter>Include Files\Win</Filter>
    </ClInclude>
    <ClInclude Include="..\include\GLib\Win\DebugWrite.h">
      <Filter>Include Files\Win</Filter>
    </ClInclude>
    <ClInclude Include="..\include\GLib\Win\Uuid.h">
      <Filter>Include Files\Win</Filter>
    </ClInclude>
    <ClInclude Include="..\include\GLib\Win\ComErrorCheck.h">
      <Filter>Include Files\Win</Filter>
    </ClInclude>
    <ClInclude Include="..\include\GLib\Win\ComException.h">
      <Filter>Include Files\Win</Filter>
    </ClInclude>
    <ClInclude Include="..\include\GLib\Win\ComPtr.h">
      <Filter>Include Files\Win</Filter>
    </ClInclude>
    <ClInclude Include="..\include\GLib\Win\ComUtil.h">
      <Filter>Include Files\Win</Filter>
    </ClInclude>
    <ClInclude Include="scope.h">
      <Filter>Header Files</Filter>
    </ClInclude>
    <ClInclude Include="..\include\GLib\Win\SimpleCom.h">
      <Filter>Include Files\Win</Filter>
    </ClInclude>
    <ClInclude Include="..\include\GLib\Win\Debugger.h">
      <Filter>Include Files\Win</Filter>
    </ClInclude>
    <ClInclude Include="..\include\GLib\NoCase.h">
      <Filter>Include Files</Filter>
    </ClInclude>
    <ClInclude Include="..\include\GLib\IcuUtils.h">
      <Filter>Include Files</Filter>
    </ClInclude>
    <ClInclude Include="..\include\GLib\Xml\StateEngine.h">
      <Filter>Include Files\Xml</Filter>
    </ClInclude>
    <ClInclude Include="..\include\GLib\Xml\Iterator.h">
      <Filter>Include Files\Xml</Filter>
    </ClInclude>
    <ClInclude Include="..\include\GLib\XmlPrinter.h">
      <Filter>Include Files\Xml</Filter>
    </ClInclude>
    <ClInclude Include="..\include\GLib\checked_cast.h">
      <Filter>Include Files\Util</Filter>
    </ClInclude>
    <ClInclude Include="..\include\GLib\genericoutstream.h">
      <Filter>Include Files\Util</Filter>
    </ClInclude>
    <ClInclude Include="..\include\GLib\split.h">
      <Filter>Include Files\Util</Filter>
    </ClInclude>
    <ClInclude Include="..\include\GLib\stackorheap.h">
      <Filter>Include Files\Util</Filter>
    </ClInclude>
    <ClInclude Include="..\include\GLib\TypeFilter.h">
      <Filter>Include Files\Util</Filter>
    </ClInclude>
    <ClInclude Include="..\include\GLib\vectorstreambuffer.h">
      <Filter>Include Files\Util</Filter>
    </ClInclude>
    <ClInclude Include="..\include\GLib\formatter.h">
      <Filter>Include Files\Formatter</Filter>
    </ClInclude>
    <ClInclude Include="..\include\GLib\printfformatpolicy.h">
      <Filter>Include Files\Formatter</Filter>
    </ClInclude>
    <ClInclude Include="..\include\GLib\Eval\Collection.h">
      <Filter>Include Files\Eval</Filter>
    </ClInclude>
    <ClInclude Include="..\include\GLib\Eval\Evaluator.h">
      <Filter>Include Files\Eval</Filter>
    </ClInclude>
    <ClInclude Include="..\include\GLib\Eval\Utils.h">
      <Filter>Include Files\Eval</Filter>
    </ClInclude>
    <ClInclude Include="..\include\GLib\Eval\Value.h">
      <Filter>Include Files\Eval</Filter>
    </ClInclude>
    <ClInclude Include="..\include\GLib\Eval\TemplateEngine.h">
      <Filter>Include Files\Eval</Filter>
    </ClInclude>
    <ClInclude Include="..\include\GLib\Xml\AttributeIterator.h">
      <Filter>Include Files\Xml</Filter>
    </ClInclude>
    <ClInclude Include="..\include\GLib\Xml\Attributes.h">
      <Filter>Include Files\Xml</Filter>
    </ClInclude>
    <ClInclude Include="..\include\GLib\Xml\Utils.h">
      <Filter>Include Files\Xml</Filter>
    </ClInclude>
    <ClInclude Include="..\include\GLib\Xml\NameSpaceManager.h">
      <Filter>Include Files\Xml</Filter>
    </ClInclude>
    <ClInclude Include="..\include\GLib\Xml\Element.h">
      <Filter>Include Files\Xml</Filter>
    </ClInclude>
    <ClInclude Include="..\include\GLib\PairHash.h">
      <Filter>Include Files\Util</Filter>
    </ClInclude>
    <ClInclude Include="..\include\GLib\Win\Resources.h">
      <Filter>Include Files\Win</Filter>
    </ClInclude>
    <ClInclude Include="..\include\GLib\Win\Local.h">
      <Filter>Include Files\Win</Filter>
    </ClInclude>
    <ClInclude Include="..\include\GLib\Span.h">
      <Filter>Include Files\Util</Filter>
    </ClInclude>
    <ClInclude Include="Manipulator.h">
      <Filter>Header Files</Filter>
    </ClInclude>
    <ClInclude Include="DurationPrinter.h">
      <Filter>Header Files</Filter>
    </ClInclude>
    <ClInclude Include="..\include\GLib\CompatLinux.h">
      <Filter>Include Files</Filter>
    </ClInclude>
    <ClInclude Include="..\include\GLib\CompatWindows.h">
      <Filter>Include Files</Filter>
    </ClInclude>
  </ItemGroup>
  <ItemGroup>
    <ClCompile Include="filelogger.cpp">
      <Filter>Source Files</Filter>
    </ClCompile>
    <ClCompile Include="log.cpp">
      <Filter>Source Files</Filter>
    </ClCompile>
    <ClCompile Include="LogManager.cpp">
      <Filter>Source Files</Filter>
    </ClCompile>
    <ClCompile Include="pch.cpp">
      <Filter>Source Files</Filter>
    </ClCompile>
  </ItemGroup>
</Project>